// !$*UTF8*$!
{
	archiveVersion = 1;
	classes = {
	};
	objectVersion = 56;
	objects = {

/* Begin PBXBuildFile section */
		2C5A3FB22A17E2A20061405C /* PodcastPlayView.swift in Sources */ = {isa = PBXBuildFile; fileRef = 2C5A3FB12A17E2A20061405C /* PodcastPlayView.swift */; };
		2C5A3FB42A19188A0061405C /* ImageView.swift in Sources */ = {isa = PBXBuildFile; fileRef = 2C5A3FB32A19188A0061405C /* ImageView.swift */; };
		2CA6DD7E2A0E302F00A85777 /* PodcastsDetailView.swift in Sources */ = {isa = PBXBuildFile; fileRef = 2CA6DD7D2A0E302F00A85777 /* PodcastsDetailView.swift */; };
		2CA6DD802A0E322D00A85777 /* Colors.xcassets in Resources */ = {isa = PBXBuildFile; fileRef = 2CA6DD7F2A0E322D00A85777 /* Colors.xcassets */; };
		2CA6DD822A0E323E00A85777 /* Images.xcassets in Resources */ = {isa = PBXBuildFile; fileRef = 2CA6DD812A0E323E00A85777 /* Images.xcassets */; };
		2CA6DD862A0E3A5500A85777 /* Colors.swift in Sources */ = {isa = PBXBuildFile; fileRef = 2CA6DD852A0E3A5500A85777 /* Colors.swift */; };
		2CA6DD892A0E41F500A85777 /* JacquetView.swift in Sources */ = {isa = PBXBuildFile; fileRef = 2CA6DD882A0E41F500A85777 /* JacquetView.swift */; };
		2CA6DD8B2A0E420800A85777 /* DescriptionView.swift in Sources */ = {isa = PBXBuildFile; fileRef = 2CA6DD8A2A0E420800A85777 /* DescriptionView.swift */; };
		2CA6DD8D2A0E42FA00A85777 /* EpisodeDetailView.swift in Sources */ = {isa = PBXBuildFile; fileRef = 2CA6DD8C2A0E42FA00A85777 /* EpisodeDetailView.swift */; };
		2CA6DD8F2A0E430C00A85777 /* EpisodesListView.swift in Sources */ = {isa = PBXBuildFile; fileRef = 2CA6DD8E2A0E430C00A85777 /* EpisodesListView.swift */; };
		2CA6DD912A0F715600A85777 /* NoView.swift in Sources */ = {isa = PBXBuildFile; fileRef = 2CA6DD902A0F715600A85777 /* NoView.swift */; };
		2CA6DD952A0F747400A85777 /* BibliothequeView.swift in Sources */ = {isa = PBXBuildFile; fileRef = 2CA6DD942A0F747400A85777 /* BibliothequeView.swift */; };
		2CA6DD972A0FAC3700A85777 /* Podcast.swift in Sources */ = {isa = PBXBuildFile; fileRef = 2CA6DD962A0FAC3700A85777 /* Podcast.swift */; };
		2CA6DD9A2A0FAD4700A85777 /* PodcastStub.swift in Sources */ = {isa = PBXBuildFile; fileRef = 2CA6DD992A0FAD4700A85777 /* PodcastStub.swift */; };
		2CA6DD9E2A0FE95500A85777 /* EpisodeEnum.swift in Sources */ = {isa = PBXBuildFile; fileRef = 2CA6DD9D2A0FE95500A85777 /* EpisodeEnum.swift */; };
		2CA6DDA02A0FEA1000A85777 /* PodcastEpisode.swift in Sources */ = {isa = PBXBuildFile; fileRef = 2CA6DD9F2A0FEA1000A85777 /* PodcastEpisode.swift */; };
		2CA6DDA42A10150400A85777 /* TopNavBarView.swift in Sources */ = {isa = PBXBuildFile; fileRef = 2CA6DDA32A10150400A85777 /* TopNavBarView.swift */; };
		2CA6DDA62A101F2100A85777 /* ButtonIconView.swift in Sources */ = {isa = PBXBuildFile; fileRef = 2CA6DDA52A101F2100A85777 /* ButtonIconView.swift */; };
		2CA6DDA82A10365800A85777 /* TopEpisodesListView.swift in Sources */ = {isa = PBXBuildFile; fileRef = 2CA6DDA72A10365700A85777 /* TopEpisodesListView.swift */; };
		2CA6DDAD2A10DA8900A85777 /* EpisodeDetailsView.swift in Sources */ = {isa = PBXBuildFile; fileRef = 2CA6DDAC2A10DA8900A85777 /* EpisodeDetailsView.swift */; };
		2CA6DDB12A10DAEF00A85777 /* TopPodcastDetailsView.swift in Sources */ = {isa = PBXBuildFile; fileRef = 2CA6DDB02A10DAEF00A85777 /* TopPodcastDetailsView.swift */; };
		2CA6DDB42A11432C00A85777 /* ListFilterView.swift in Sources */ = {isa = PBXBuildFile; fileRef = 2CA6DDB32A11432C00A85777 /* ListFilterView.swift */; };
		2CA6DDB62A11435A00A85777 /* ListDetailView.swift in Sources */ = {isa = PBXBuildFile; fileRef = 2CA6DDB52A11435A00A85777 /* ListDetailView.swift */; };
		2CA6DDB82A1146F100A85777 /* GridView.swift in Sources */ = {isa = PBXBuildFile; fileRef = 2CA6DDB72A1146F100A85777 /* GridView.swift */; };
		2CA6DDBA2A11477600A85777 /* JacquetDetailGridView.swift in Sources */ = {isa = PBXBuildFile; fileRef = 2CA6DDB92A11477600A85777 /* JacquetDetailGridView.swift */; };
		2CA6DDBD2A11675D00A85777 /* PodcastView.swift in Sources */ = {isa = PBXBuildFile; fileRef = 2CA6DDBC2A11675D00A85777 /* PodcastView.swift */; };
		2CA6DDBF2A1271F100A85777 /* DividerView.swift in Sources */ = {isa = PBXBuildFile; fileRef = 2CA6DDBE2A1271F100A85777 /* DividerView.swift */; };
		2CA6DDC42A12787F00A85777 /* UIImageExtension.swift in Sources */ = {isa = PBXBuildFile; fileRef = 2CA6DDC32A12787F00A85777 /* UIImageExtension.swift */; };
		2CE533272A0D059500ACCAE5 /* iOS_TP1_PodcastApp.swift in Sources */ = {isa = PBXBuildFile; fileRef = 2CE533262A0D059500ACCAE5 /* iOS_TP1_PodcastApp.swift */; };
		2CE533292A0D059500ACCAE5 /* ContentView.swift in Sources */ = {isa = PBXBuildFile; fileRef = 2CE533282A0D059500ACCAE5 /* ContentView.swift */; };
		2CE5332B2A0D059700ACCAE5 /* Assets.xcassets in Resources */ = {isa = PBXBuildFile; fileRef = 2CE5332A2A0D059700ACCAE5 /* Assets.xcassets */; };
		2CE5332E2A0D059700ACCAE5 /* Preview Assets.xcassets in Resources */ = {isa = PBXBuildFile; fileRef = 2CE5332D2A0D059700ACCAE5 /* Preview Assets.xcassets */; };
		2CE533382A0D059700ACCAE5 /* iOS_TP1_PodcastTests.swift in Sources */ = {isa = PBXBuildFile; fileRef = 2CE533372A0D059700ACCAE5 /* iOS_TP1_PodcastTests.swift */; };
		2CE533422A0D059700ACCAE5 /* iOS_TP1_PodcastUITests.swift in Sources */ = {isa = PBXBuildFile; fileRef = 2CE533412A0D059700ACCAE5 /* iOS_TP1_PodcastUITests.swift */; };
		2CE533442A0D059700ACCAE5 /* iOS_TP1_PodcastUITestsLaunchTests.swift in Sources */ = {isa = PBXBuildFile; fileRef = 2CE533432A0D059700ACCAE5 /* iOS_TP1_PodcastUITestsLaunchTests.swift */; };
/* End PBXBuildFile section */

/* Begin PBXContainerItemProxy section */
		2CE533342A0D059700ACCAE5 /* PBXContainerItemProxy */ = {
			isa = PBXContainerItemProxy;
			containerPortal = 2CE5331B2A0D059500ACCAE5 /* Project object */;
			proxyType = 1;
			remoteGlobalIDString = 2CE533222A0D059500ACCAE5;
			remoteInfo = iOS_TP1_Podcast;
		};
		2CE5333E2A0D059700ACCAE5 /* PBXContainerItemProxy */ = {
			isa = PBXContainerItemProxy;
			containerPortal = 2CE5331B2A0D059500ACCAE5 /* Project object */;
			proxyType = 1;
			remoteGlobalIDString = 2CE533222A0D059500ACCAE5;
			remoteInfo = iOS_TP1_Podcast;
		};
/* End PBXContainerItemProxy section */

/* Begin PBXFileReference section */
		2C5A3FB12A17E2A20061405C /* PodcastPlayView.swift */ = {isa = PBXFileReference; lastKnownFileType = sourcecode.swift; path = PodcastPlayView.swift; sourceTree = "<group>"; };
		2C5A3FB32A19188A0061405C /* ImageView.swift */ = {isa = PBXFileReference; lastKnownFileType = sourcecode.swift; path = ImageView.swift; sourceTree = "<group>"; };
		2CA6DD7D2A0E302F00A85777 /* PodcastsDetailView.swift */ = {isa = PBXFileReference; lastKnownFileType = sourcecode.swift; path = PodcastsDetailView.swift; sourceTree = "<group>"; };
		2CA6DD7F2A0E322D00A85777 /* Colors.xcassets */ = {isa = PBXFileReference; lastKnownFileType = folder.assetcatalog; path = Colors.xcassets; sourceTree = "<group>"; };
		2CA6DD812A0E323E00A85777 /* Images.xcassets */ = {isa = PBXFileReference; lastKnownFileType = folder.assetcatalog; path = Images.xcassets; sourceTree = "<group>"; };
		2CA6DD852A0E3A5500A85777 /* Colors.swift */ = {isa = PBXFileReference; lastKnownFileType = sourcecode.swift; path = Colors.swift; sourceTree = "<group>"; };
		2CA6DD882A0E41F500A85777 /* JacquetView.swift */ = {isa = PBXFileReference; lastKnownFileType = sourcecode.swift; path = JacquetView.swift; sourceTree = "<group>"; };
		2CA6DD8A2A0E420800A85777 /* DescriptionView.swift */ = {isa = PBXFileReference; lastKnownFileType = sourcecode.swift; path = DescriptionView.swift; sourceTree = "<group>"; };
		2CA6DD8C2A0E42FA00A85777 /* EpisodeDetailView.swift */ = {isa = PBXFileReference; lastKnownFileType = sourcecode.swift; path = EpisodeDetailView.swift; sourceTree = "<group>"; };
		2CA6DD8E2A0E430C00A85777 /* EpisodesListView.swift */ = {isa = PBXFileReference; lastKnownFileType = sourcecode.swift; path = EpisodesListView.swift; sourceTree = "<group>"; };
		2CA6DD902A0F715600A85777 /* NoView.swift */ = {isa = PBXFileReference; lastKnownFileType = sourcecode.swift; path = NoView.swift; sourceTree = "<group>"; };
		2CA6DD942A0F747400A85777 /* BibliothequeView.swift */ = {isa = PBXFileReference; lastKnownFileType = sourcecode.swift; path = BibliothequeView.swift; sourceTree = "<group>"; };
		2CA6DD962A0FAC3700A85777 /* Podcast.swift */ = {isa = PBXFileReference; lastKnownFileType = sourcecode.swift; path = Podcast.swift; sourceTree = "<group>"; };
		2CA6DD992A0FAD4700A85777 /* PodcastStub.swift */ = {isa = PBXFileReference; lastKnownFileType = sourcecode.swift; path = PodcastStub.swift; sourceTree = "<group>"; };
		2CA6DD9D2A0FE95500A85777 /* EpisodeEnum.swift */ = {isa = PBXFileReference; lastKnownFileType = sourcecode.swift; path = EpisodeEnum.swift; sourceTree = "<group>"; };
		2CA6DD9F2A0FEA1000A85777 /* PodcastEpisode.swift */ = {isa = PBXFileReference; lastKnownFileType = sourcecode.swift; path = PodcastEpisode.swift; sourceTree = "<group>"; };
		2CA6DDA32A10150400A85777 /* TopNavBarView.swift */ = {isa = PBXFileReference; lastKnownFileType = sourcecode.swift; path = TopNavBarView.swift; sourceTree = "<group>"; };
		2CA6DDA52A101F2100A85777 /* ButtonIconView.swift */ = {isa = PBXFileReference; lastKnownFileType = sourcecode.swift; path = ButtonIconView.swift; sourceTree = "<group>"; };
		2CA6DDA72A10365700A85777 /* TopEpisodesListView.swift */ = {isa = PBXFileReference; lastKnownFileType = sourcecode.swift; path = TopEpisodesListView.swift; sourceTree = "<group>"; };
		2CA6DDAC2A10DA8900A85777 /* EpisodeDetailsView.swift */ = {isa = PBXFileReference; lastKnownFileType = sourcecode.swift; path = EpisodeDetailsView.swift; sourceTree = "<group>"; };
		2CA6DDB02A10DAEF00A85777 /* TopPodcastDetailsView.swift */ = {isa = PBXFileReference; lastKnownFileType = sourcecode.swift; path = TopPodcastDetailsView.swift; sourceTree = "<group>"; };
		2CA6DDB32A11432C00A85777 /* ListFilterView.swift */ = {isa = PBXFileReference; lastKnownFileType = sourcecode.swift; path = ListFilterView.swift; sourceTree = "<group>"; };
		2CA6DDB52A11435A00A85777 /* ListDetailView.swift */ = {isa = PBXFileReference; lastKnownFileType = sourcecode.swift; path = ListDetailView.swift; sourceTree = "<group>"; };
		2CA6DDB72A1146F100A85777 /* GridView.swift */ = {isa = PBXFileReference; lastKnownFileType = sourcecode.swift; path = GridView.swift; sourceTree = "<group>"; };
		2CA6DDB92A11477600A85777 /* JacquetDetailGridView.swift */ = {isa = PBXFileReference; lastKnownFileType = sourcecode.swift; path = JacquetDetailGridView.swift; sourceTree = "<group>"; };
		2CA6DDBC2A11675D00A85777 /* PodcastView.swift */ = {isa = PBXFileReference; lastKnownFileType = sourcecode.swift; path = PodcastView.swift; sourceTree = "<group>"; };
		2CA6DDBE2A1271F100A85777 /* DividerView.swift */ = {isa = PBXFileReference; lastKnownFileType = sourcecode.swift; path = DividerView.swift; sourceTree = "<group>"; };
		2CA6DDC32A12787F00A85777 /* UIImageExtension.swift */ = {isa = PBXFileReference; lastKnownFileType = sourcecode.swift; path = UIImageExtension.swift; sourceTree = "<group>"; };
		2CE533232A0D059500ACCAE5 /* iOS_TP1_Podcast.app */ = {isa = PBXFileReference; explicitFileType = wrapper.application; includeInIndex = 0; path = iOS_TP1_Podcast.app; sourceTree = BUILT_PRODUCTS_DIR; };
		2CE533262A0D059500ACCAE5 /* iOS_TP1_PodcastApp.swift */ = {isa = PBXFileReference; lastKnownFileType = sourcecode.swift; path = iOS_TP1_PodcastApp.swift; sourceTree = "<group>"; };
		2CE533282A0D059500ACCAE5 /* ContentView.swift */ = {isa = PBXFileReference; lastKnownFileType = sourcecode.swift; path = ContentView.swift; sourceTree = "<group>"; };
		2CE5332A2A0D059700ACCAE5 /* Assets.xcassets */ = {isa = PBXFileReference; lastKnownFileType = folder.assetcatalog; path = Assets.xcassets; sourceTree = "<group>"; };
		2CE5332D2A0D059700ACCAE5 /* Preview Assets.xcassets */ = {isa = PBXFileReference; lastKnownFileType = folder.assetcatalog; path = "Preview Assets.xcassets"; sourceTree = "<group>"; };
		2CE533332A0D059700ACCAE5 /* iOS_TP1_PodcastTests.xctest */ = {isa = PBXFileReference; explicitFileType = wrapper.cfbundle; includeInIndex = 0; path = iOS_TP1_PodcastTests.xctest; sourceTree = BUILT_PRODUCTS_DIR; };
		2CE533372A0D059700ACCAE5 /* iOS_TP1_PodcastTests.swift */ = {isa = PBXFileReference; lastKnownFileType = sourcecode.swift; path = iOS_TP1_PodcastTests.swift; sourceTree = "<group>"; };
		2CE5333D2A0D059700ACCAE5 /* iOS_TP1_PodcastUITests.xctest */ = {isa = PBXFileReference; explicitFileType = wrapper.cfbundle; includeInIndex = 0; path = iOS_TP1_PodcastUITests.xctest; sourceTree = BUILT_PRODUCTS_DIR; };
		2CE533412A0D059700ACCAE5 /* iOS_TP1_PodcastUITests.swift */ = {isa = PBXFileReference; lastKnownFileType = sourcecode.swift; path = iOS_TP1_PodcastUITests.swift; sourceTree = "<group>"; };
		2CE533432A0D059700ACCAE5 /* iOS_TP1_PodcastUITestsLaunchTests.swift */ = {isa = PBXFileReference; lastKnownFileType = sourcecode.swift; path = iOS_TP1_PodcastUITestsLaunchTests.swift; sourceTree = "<group>"; };
/* End PBXFileReference section */

/* Begin PBXFrameworksBuildPhase section */
		2CE533202A0D059500ACCAE5 /* Frameworks */ = {
			isa = PBXFrameworksBuildPhase;
			buildActionMask = 2147483647;
			files = (
			);
			runOnlyForDeploymentPostprocessing = 0;
		};
		2CE533302A0D059700ACCAE5 /* Frameworks */ = {
			isa = PBXFrameworksBuildPhase;
			buildActionMask = 2147483647;
			files = (
			);
			runOnlyForDeploymentPostprocessing = 0;
		};
		2CE5333A2A0D059700ACCAE5 /* Frameworks */ = {
			isa = PBXFrameworksBuildPhase;
			buildActionMask = 2147483647;
			files = (
			);
			runOnlyForDeploymentPostprocessing = 0;
		};
/* End PBXFrameworksBuildPhase section */

/* Begin PBXGroup section */
		2C5A3FB02A17E27B0061405C /* PodacastPlay */ = {
			isa = PBXGroup;
			children = (
				2C5A3FB12A17E2A20061405C /* PodcastPlayView.swift */,
			);
			path = PodacastPlay;
			sourceTree = "<group>";
		};
		2CA6DD7A2A0E2EFE00A85777 /* Views */ = {
			isa = PBXGroup;
			children = (
				2C5A3FB02A17E27B0061405C /* PodacastPlay */,
				2CA6DDBB2A11672500A85777 /* PodcastGridDetails */,
				2CA6DDB22A1142D200A85777 /* BibliothequeDetails */,
				2CA6DDAB2A10DA5200A85777 /* Utils */,
				2CA6DD872A0E419600A85777 /* PodcastDetails */,
				2CA6DD7D2A0E302F00A85777 /* PodcastsDetailView.swift */,
				2CA6DD902A0F715600A85777 /* NoView.swift */,
				2CA6DD942A0F747400A85777 /* BibliothequeView.swift */,
				2CA6DDBC2A11675D00A85777 /* PodcastView.swift */,
			);
			path = Views;
			sourceTree = "<group>";
		};
		2CA6DD7B2A0E2F1600A85777 /* Assets */ = {
			isa = PBXGroup;
			children = (
				2CA6DD7F2A0E322D00A85777 /* Colors.xcassets */,
				2CA6DD812A0E323E00A85777 /* Images.xcassets */,
				2CA6DD852A0E3A5500A85777 /* Colors.swift */,
			);
			path = Assets;
			sourceTree = "<group>";
		};
		2CA6DD7C2A0E2F5100A85777 /* Model */ = {
			isa = PBXGroup;
			children = (
				2CA6DD962A0FAC3700A85777 /* Podcast.swift */,
				2CA6DD9D2A0FE95500A85777 /* EpisodeEnum.swift */,
				2CA6DD9F2A0FEA1000A85777 /* PodcastEpisode.swift */,
			);
			path = Model;
			sourceTree = "<group>";
		};
		2CA6DD872A0E419600A85777 /* PodcastDetails */ = {
			isa = PBXGroup;
			children = (
				2CA6DDAA2A10DA1800A85777 /* EpisodeDetails */,
				2CA6DDA92A10D98A00A85777 /* TopPodcastDetails */,
				2CA6DDAC2A10DA8900A85777 /* EpisodeDetailsView.swift */,
				2CA6DDB02A10DAEF00A85777 /* TopPodcastDetailsView.swift */,
			);
			path = PodcastDetails;
			sourceTree = "<group>";
		};
		2CA6DD982A0FAD3700A85777 /* Stub */ = {
			isa = PBXGroup;
			children = (
				2CA6DD992A0FAD4700A85777 /* PodcastStub.swift */,
			);
			path = Stub;
			sourceTree = "<group>";
		};
		2CA6DDA92A10D98A00A85777 /* TopPodcastDetails */ = {
			isa = PBXGroup;
			children = (
				2CA6DDA32A10150400A85777 /* TopNavBarView.swift */,
				2CA6DD8A2A0E420800A85777 /* DescriptionView.swift */,
				2CA6DD882A0E41F500A85777 /* JacquetView.swift */,
			);
			path = TopPodcastDetails;
			sourceTree = "<group>";
		};
		2CA6DDAA2A10DA1800A85777 /* EpisodeDetails */ = {
			isa = PBXGroup;
			children = (
				2CA6DD8C2A0E42FA00A85777 /* EpisodeDetailView.swift */,
				2CA6DD8E2A0E430C00A85777 /* EpisodesListView.swift */,
				2CA6DDA72A10365700A85777 /* TopEpisodesListView.swift */,
			);
			path = EpisodeDetails;
			sourceTree = "<group>";
		};
		2CA6DDAB2A10DA5200A85777 /* Utils */ = {
			isa = PBXGroup;
			children = (
				2CA6DDA52A101F2100A85777 /* ButtonIconView.swift */,
				2CA6DDBE2A1271F100A85777 /* DividerView.swift */,
				2C5A3FB32A19188A0061405C /* ImageView.swift */,
			);
			path = Utils;
			sourceTree = "<group>";
		};
		2CA6DDB22A1142D200A85777 /* BibliothequeDetails */ = {
			isa = PBXGroup;
			children = (
				2CA6DDB32A11432C00A85777 /* ListFilterView.swift */,
				2CA6DDB52A11435A00A85777 /* ListDetailView.swift */,
			);
			path = BibliothequeDetails;
			sourceTree = "<group>";
		};
		2CA6DDBB2A11672500A85777 /* PodcastGridDetails */ = {
			isa = PBXGroup;
			children = (
				2CA6DDB72A1146F100A85777 /* GridView.swift */,
				2CA6DDB92A11477600A85777 /* JacquetDetailGridView.swift */,
			);
			path = PodcastGridDetails;
			sourceTree = "<group>";
		};
		2CA6DDC22A12786700A85777 /* Extension */ = {
			isa = PBXGroup;
			children = (
				2CA6DDC32A12787F00A85777 /* UIImageExtension.swift */,
			);
			path = Extension;
			sourceTree = "<group>";
		};
		2CE5331A2A0D059500ACCAE5 = {
			isa = PBXGroup;
			children = (
				2CE533252A0D059500ACCAE5 /* iOS_TP1_Podcast */,
				2CE533362A0D059700ACCAE5 /* iOS_TP1_PodcastTests */,
				2CE533402A0D059700ACCAE5 /* iOS_TP1_PodcastUITests */,
				2CE533242A0D059500ACCAE5 /* Products */,
			);
			sourceTree = "<group>";
		};
		2CE533242A0D059500ACCAE5 /* Products */ = {
			isa = PBXGroup;
			children = (
				2CE533232A0D059500ACCAE5 /* iOS_TP1_Podcast.app */,
				2CE533332A0D059700ACCAE5 /* iOS_TP1_PodcastTests.xctest */,
				2CE5333D2A0D059700ACCAE5 /* iOS_TP1_PodcastUITests.xctest */,
			);
			name = Products;
			sourceTree = "<group>";
		};
		2CE533252A0D059500ACCAE5 /* iOS_TP1_Podcast */ = {
			isa = PBXGroup;
			children = (
				2CA6DDC22A12786700A85777 /* Extension */,
				2CA6DD982A0FAD3700A85777 /* Stub */,
				2CA6DD7C2A0E2F5100A85777 /* Model */,
				2CA6DD7B2A0E2F1600A85777 /* Assets */,
				2CA6DD7A2A0E2EFE00A85777 /* Views */,
				2CE533262A0D059500ACCAE5 /* iOS_TP1_PodcastApp.swift */,
				2CE533282A0D059500ACCAE5 /* ContentView.swift */,
				2CE5332A2A0D059700ACCAE5 /* Assets.xcassets */,
				2CE5332C2A0D059700ACCAE5 /* Preview Content */,
			);
			path = iOS_TP1_Podcast;
			sourceTree = "<group>";
		};
		2CE5332C2A0D059700ACCAE5 /* Preview Content */ = {
			isa = PBXGroup;
			children = (
				2CE5332D2A0D059700ACCAE5 /* Preview Assets.xcassets */,
			);
			path = "Preview Content";
			sourceTree = "<group>";
		};
		2CE533362A0D059700ACCAE5 /* iOS_TP1_PodcastTests */ = {
			isa = PBXGroup;
			children = (
				2CE533372A0D059700ACCAE5 /* iOS_TP1_PodcastTests.swift */,
			);
			path = iOS_TP1_PodcastTests;
			sourceTree = "<group>";
		};
		2CE533402A0D059700ACCAE5 /* iOS_TP1_PodcastUITests */ = {
			isa = PBXGroup;
			children = (
				2CE533412A0D059700ACCAE5 /* iOS_TP1_PodcastUITests.swift */,
				2CE533432A0D059700ACCAE5 /* iOS_TP1_PodcastUITestsLaunchTests.swift */,
			);
			path = iOS_TP1_PodcastUITests;
			sourceTree = "<group>";
		};
/* End PBXGroup section */

/* Begin PBXNativeTarget section */
		2CE533222A0D059500ACCAE5 /* iOS_TP1_Podcast */ = {
			isa = PBXNativeTarget;
			buildConfigurationList = 2CE533472A0D059700ACCAE5 /* Build configuration list for PBXNativeTarget "iOS_TP1_Podcast" */;
			buildPhases = (
				2CE5331F2A0D059500ACCAE5 /* Sources */,
				2CE533202A0D059500ACCAE5 /* Frameworks */,
				2CE533212A0D059500ACCAE5 /* Resources */,
			);
			buildRules = (
			);
			dependencies = (
			);
			name = iOS_TP1_Podcast;
			productName = iOS_TP1_Podcast;
			productReference = 2CE533232A0D059500ACCAE5 /* iOS_TP1_Podcast.app */;
			productType = "com.apple.product-type.application";
		};
		2CE533322A0D059700ACCAE5 /* iOS_TP1_PodcastTests */ = {
			isa = PBXNativeTarget;
			buildConfigurationList = 2CE5334A2A0D059700ACCAE5 /* Build configuration list for PBXNativeTarget "iOS_TP1_PodcastTests" */;
			buildPhases = (
				2CE5332F2A0D059700ACCAE5 /* Sources */,
				2CE533302A0D059700ACCAE5 /* Frameworks */,
				2CE533312A0D059700ACCAE5 /* Resources */,
			);
			buildRules = (
			);
			dependencies = (
				2CE533352A0D059700ACCAE5 /* PBXTargetDependency */,
			);
			name = iOS_TP1_PodcastTests;
			productName = iOS_TP1_PodcastTests;
			productReference = 2CE533332A0D059700ACCAE5 /* iOS_TP1_PodcastTests.xctest */;
			productType = "com.apple.product-type.bundle.unit-test";
		};
		2CE5333C2A0D059700ACCAE5 /* iOS_TP1_PodcastUITests */ = {
			isa = PBXNativeTarget;
			buildConfigurationList = 2CE5334D2A0D059700ACCAE5 /* Build configuration list for PBXNativeTarget "iOS_TP1_PodcastUITests" */;
			buildPhases = (
				2CE533392A0D059700ACCAE5 /* Sources */,
				2CE5333A2A0D059700ACCAE5 /* Frameworks */,
				2CE5333B2A0D059700ACCAE5 /* Resources */,
			);
			buildRules = (
			);
			dependencies = (
				2CE5333F2A0D059700ACCAE5 /* PBXTargetDependency */,
			);
			name = iOS_TP1_PodcastUITests;
			productName = iOS_TP1_PodcastUITests;
			productReference = 2CE5333D2A0D059700ACCAE5 /* iOS_TP1_PodcastUITests.xctest */;
			productType = "com.apple.product-type.bundle.ui-testing";
		};
/* End PBXNativeTarget section */

/* Begin PBXProject section */
		2CE5331B2A0D059500ACCAE5 /* Project object */ = {
			isa = PBXProject;
			attributes = {
				BuildIndependentTargetsInParallel = 1;
				LastSwiftUpdateCheck = 1420;
				LastUpgradeCheck = 1420;
				TargetAttributes = {
					2CE533222A0D059500ACCAE5 = {
						CreatedOnToolsVersion = 14.2;
					};
					2CE533322A0D059700ACCAE5 = {
						CreatedOnToolsVersion = 14.2;
						TestTargetID = 2CE533222A0D059500ACCAE5;
					};
					2CE5333C2A0D059700ACCAE5 = {
						CreatedOnToolsVersion = 14.2;
						TestTargetID = 2CE533222A0D059500ACCAE5;
					};
				};
			};
			buildConfigurationList = 2CE5331E2A0D059500ACCAE5 /* Build configuration list for PBXProject "iOS_TP1_Podcast" */;
			compatibilityVersion = "Xcode 14.0";
			developmentRegion = en;
			hasScannedForEncodings = 0;
			knownRegions = (
				en,
				Base,
			);
			mainGroup = 2CE5331A2A0D059500ACCAE5;
			productRefGroup = 2CE533242A0D059500ACCAE5 /* Products */;
			projectDirPath = "";
			projectRoot = "";
			targets = (
				2CE533222A0D059500ACCAE5 /* iOS_TP1_Podcast */,
				2CE533322A0D059700ACCAE5 /* iOS_TP1_PodcastTests */,
				2CE5333C2A0D059700ACCAE5 /* iOS_TP1_PodcastUITests */,
			);
		};
/* End PBXProject section */

/* Begin PBXResourcesBuildPhase section */
		2CE533212A0D059500ACCAE5 /* Resources */ = {
			isa = PBXResourcesBuildPhase;
			buildActionMask = 2147483647;
			files = (
				2CA6DD802A0E322D00A85777 /* Colors.xcassets in Resources */,
				2CA6DD822A0E323E00A85777 /* Images.xcassets in Resources */,
				2CE5332E2A0D059700ACCAE5 /* Preview Assets.xcassets in Resources */,
				2CE5332B2A0D059700ACCAE5 /* Assets.xcassets in Resources */,
			);
			runOnlyForDeploymentPostprocessing = 0;
		};
		2CE533312A0D059700ACCAE5 /* Resources */ = {
			isa = PBXResourcesBuildPhase;
			buildActionMask = 2147483647;
			files = (
			);
			runOnlyForDeploymentPostprocessing = 0;
		};
		2CE5333B2A0D059700ACCAE5 /* Resources */ = {
			isa = PBXResourcesBuildPhase;
			buildActionMask = 2147483647;
			files = (
			);
			runOnlyForDeploymentPostprocessing = 0;
		};
/* End PBXResourcesBuildPhase section */

/* Begin PBXSourcesBuildPhase section */
		2CE5331F2A0D059500ACCAE5 /* Sources */ = {
			isa = PBXSourcesBuildPhase;
			buildActionMask = 2147483647;
			files = (
				2CA6DDB42A11432C00A85777 /* ListFilterView.swift in Sources */,
				2CA6DDA82A10365800A85777 /* TopEpisodesListView.swift in Sources */,
				2CA6DD8D2A0E42FA00A85777 /* EpisodeDetailView.swift in Sources */,
				2CE533292A0D059500ACCAE5 /* ContentView.swift in Sources */,
				2CA6DD862A0E3A5500A85777 /* Colors.swift in Sources */,
				2CA6DDC42A12787F00A85777 /* UIImageExtension.swift in Sources */,
				2CA6DDBD2A11675D00A85777 /* PodcastView.swift in Sources */,
				2CA6DDB12A10DAEF00A85777 /* TopPodcastDetailsView.swift in Sources */,
				2CA6DDB62A11435A00A85777 /* ListDetailView.swift in Sources */,
				2CA6DD9E2A0FE95500A85777 /* EpisodeEnum.swift in Sources */,
				2CE533272A0D059500ACCAE5 /* iOS_TP1_PodcastApp.swift in Sources */,
				2CA6DD9A2A0FAD4700A85777 /* PodcastStub.swift in Sources */,
				2C5A3FB42A19188A0061405C /* ImageView.swift in Sources */,
				2CA6DDAD2A10DA8900A85777 /* EpisodeDetailsView.swift in Sources */,
				2CA6DDA42A10150400A85777 /* TopNavBarView.swift in Sources */,
				2C5A3FB22A17E2A20061405C /* PodcastPlayView.swift in Sources */,
				2CA6DD8F2A0E430C00A85777 /* EpisodesListView.swift in Sources */,
				2CA6DDBF2A1271F100A85777 /* DividerView.swift in Sources */,
				2CA6DD912A0F715600A85777 /* NoView.swift in Sources */,
				2CA6DDB82A1146F100A85777 /* GridView.swift in Sources */,
				2CA6DDA02A0FEA1000A85777 /* PodcastEpisode.swift in Sources */,
				2CA6DDBA2A11477600A85777 /* JacquetDetailGridView.swift in Sources */,
				2CA6DD8B2A0E420800A85777 /* DescriptionView.swift in Sources */,
				2CA6DD972A0FAC3700A85777 /* Podcast.swift in Sources */,
				2CA6DD952A0F747400A85777 /* BibliothequeView.swift in Sources */,
				2CA6DD7E2A0E302F00A85777 /* PodcastsDetailView.swift in Sources */,
				2CA6DD892A0E41F500A85777 /* JacquetView.swift in Sources */,
				2CA6DDA62A101F2100A85777 /* ButtonIconView.swift in Sources */,
			);
			runOnlyForDeploymentPostprocessing = 0;
		};
		2CE5332F2A0D059700ACCAE5 /* Sources */ = {
			isa = PBXSourcesBuildPhase;
			buildActionMask = 2147483647;
			files = (
				2CE533382A0D059700ACCAE5 /* iOS_TP1_PodcastTests.swift in Sources */,
			);
			runOnlyForDeploymentPostprocessing = 0;
		};
		2CE533392A0D059700ACCAE5 /* Sources */ = {
			isa = PBXSourcesBuildPhase;
			buildActionMask = 2147483647;
			files = (
				2CE533422A0D059700ACCAE5 /* iOS_TP1_PodcastUITests.swift in Sources */,
				2CE533442A0D059700ACCAE5 /* iOS_TP1_PodcastUITestsLaunchTests.swift in Sources */,
			);
			runOnlyForDeploymentPostprocessing = 0;
		};
/* End PBXSourcesBuildPhase section */

/* Begin PBXTargetDependency section */
		2CE533352A0D059700ACCAE5 /* PBXTargetDependency */ = {
			isa = PBXTargetDependency;
			target = 2CE533222A0D059500ACCAE5 /* iOS_TP1_Podcast */;
			targetProxy = 2CE533342A0D059700ACCAE5 /* PBXContainerItemProxy */;
		};
		2CE5333F2A0D059700ACCAE5 /* PBXTargetDependency */ = {
			isa = PBXTargetDependency;
			target = 2CE533222A0D059500ACCAE5 /* iOS_TP1_Podcast */;
			targetProxy = 2CE5333E2A0D059700ACCAE5 /* PBXContainerItemProxy */;
		};
/* End PBXTargetDependency section */

/* Begin XCBuildConfiguration section */
		2CE533452A0D059700ACCAE5 /* Debug */ = {
			isa = XCBuildConfiguration;
			buildSettings = {
				ALWAYS_SEARCH_USER_PATHS = NO;
				CLANG_ANALYZER_NONNULL = YES;
				CLANG_ANALYZER_NUMBER_OBJECT_CONVERSION = YES_AGGRESSIVE;
				CLANG_CXX_LANGUAGE_STANDARD = "gnu++20";
				CLANG_ENABLE_MODULES = YES;
				CLANG_ENABLE_OBJC_ARC = YES;
				CLANG_ENABLE_OBJC_WEAK = YES;
				CLANG_WARN_BLOCK_CAPTURE_AUTORELEASING = YES;
				CLANG_WARN_BOOL_CONVERSION = YES;
				CLANG_WARN_COMMA = YES;
				CLANG_WARN_CONSTANT_CONVERSION = YES;
				CLANG_WARN_DEPRECATED_OBJC_IMPLEMENTATIONS = YES;
				CLANG_WARN_DIRECT_OBJC_ISA_USAGE = YES_ERROR;
				CLANG_WARN_DOCUMENTATION_COMMENTS = YES;
				CLANG_WARN_EMPTY_BODY = YES;
				CLANG_WARN_ENUM_CONVERSION = YES;
				CLANG_WARN_INFINITE_RECURSION = YES;
				CLANG_WARN_INT_CONVERSION = YES;
				CLANG_WARN_NON_LITERAL_NULL_CONVERSION = YES;
				CLANG_WARN_OBJC_IMPLICIT_RETAIN_SELF = YES;
				CLANG_WARN_OBJC_LITERAL_CONVERSION = YES;
				CLANG_WARN_OBJC_ROOT_CLASS = YES_ERROR;
				CLANG_WARN_QUOTED_INCLUDE_IN_FRAMEWORK_HEADER = YES;
				CLANG_WARN_RANGE_LOOP_ANALYSIS = YES;
				CLANG_WARN_STRICT_PROTOTYPES = YES;
				CLANG_WARN_SUSPICIOUS_MOVE = YES;
				CLANG_WARN_UNGUARDED_AVAILABILITY = YES_AGGRESSIVE;
				CLANG_WARN_UNREACHABLE_CODE = YES;
				CLANG_WARN__DUPLICATE_METHOD_MATCH = YES;
				COPY_PHASE_STRIP = NO;
				DEBUG_INFORMATION_FORMAT = dwarf;
				ENABLE_STRICT_OBJC_MSGSEND = YES;
				ENABLE_TESTABILITY = YES;
				GCC_C_LANGUAGE_STANDARD = gnu11;
				GCC_DYNAMIC_NO_PIC = NO;
				GCC_NO_COMMON_BLOCKS = YES;
				GCC_OPTIMIZATION_LEVEL = 0;
				GCC_PREPROCESSOR_DEFINITIONS = (
					"DEBUG=1",
					"$(inherited)",
				);
				GCC_WARN_64_TO_32_BIT_CONVERSION = YES;
				GCC_WARN_ABOUT_RETURN_TYPE = YES_ERROR;
				GCC_WARN_UNDECLARED_SELECTOR = YES;
				GCC_WARN_UNINITIALIZED_AUTOS = YES_AGGRESSIVE;
				GCC_WARN_UNUSED_FUNCTION = YES;
				GCC_WARN_UNUSED_VARIABLE = YES;
				IPHONEOS_DEPLOYMENT_TARGET = 16.2;
				MTL_ENABLE_DEBUG_INFO = INCLUDE_SOURCE;
				MTL_FAST_MATH = YES;
				ONLY_ACTIVE_ARCH = YES;
				SDKROOT = iphoneos;
				SWIFT_ACTIVE_COMPILATION_CONDITIONS = DEBUG;
				SWIFT_OPTIMIZATION_LEVEL = "-Onone";
			};
			name = Debug;
		};
		2CE533462A0D059700ACCAE5 /* Release */ = {
			isa = XCBuildConfiguration;
			buildSettings = {
				ALWAYS_SEARCH_USER_PATHS = NO;
				CLANG_ANALYZER_NONNULL = YES;
				CLANG_ANALYZER_NUMBER_OBJECT_CONVERSION = YES_AGGRESSIVE;
				CLANG_CXX_LANGUAGE_STANDARD = "gnu++20";
				CLANG_ENABLE_MODULES = YES;
				CLANG_ENABLE_OBJC_ARC = YES;
				CLANG_ENABLE_OBJC_WEAK = YES;
				CLANG_WARN_BLOCK_CAPTURE_AUTORELEASING = YES;
				CLANG_WARN_BOOL_CONVERSION = YES;
				CLANG_WARN_COMMA = YES;
				CLANG_WARN_CONSTANT_CONVERSION = YES;
				CLANG_WARN_DEPRECATED_OBJC_IMPLEMENTATIONS = YES;
				CLANG_WARN_DIRECT_OBJC_ISA_USAGE = YES_ERROR;
				CLANG_WARN_DOCUMENTATION_COMMENTS = YES;
				CLANG_WARN_EMPTY_BODY = YES;
				CLANG_WARN_ENUM_CONVERSION = YES;
				CLANG_WARN_INFINITE_RECURSION = YES;
				CLANG_WARN_INT_CONVERSION = YES;
				CLANG_WARN_NON_LITERAL_NULL_CONVERSION = YES;
				CLANG_WARN_OBJC_IMPLICIT_RETAIN_SELF = YES;
				CLANG_WARN_OBJC_LITERAL_CONVERSION = YES;
				CLANG_WARN_OBJC_ROOT_CLASS = YES_ERROR;
				CLANG_WARN_QUOTED_INCLUDE_IN_FRAMEWORK_HEADER = YES;
				CLANG_WARN_RANGE_LOOP_ANALYSIS = YES;
				CLANG_WARN_STRICT_PROTOTYPES = YES;
				CLANG_WARN_SUSPICIOUS_MOVE = YES;
				CLANG_WARN_UNGUARDED_AVAILABILITY = YES_AGGRESSIVE;
				CLANG_WARN_UNREACHABLE_CODE = YES;
				CLANG_WARN__DUPLICATE_METHOD_MATCH = YES;
				COPY_PHASE_STRIP = NO;
				DEBUG_INFORMATION_FORMAT = "dwarf-with-dsym";
				ENABLE_NS_ASSERTIONS = NO;
				ENABLE_STRICT_OBJC_MSGSEND = YES;
				GCC_C_LANGUAGE_STANDARD = gnu11;
				GCC_NO_COMMON_BLOCKS = YES;
				GCC_WARN_64_TO_32_BIT_CONVERSION = YES;
				GCC_WARN_ABOUT_RETURN_TYPE = YES_ERROR;
				GCC_WARN_UNDECLARED_SELECTOR = YES;
				GCC_WARN_UNINITIALIZED_AUTOS = YES_AGGRESSIVE;
				GCC_WARN_UNUSED_FUNCTION = YES;
				GCC_WARN_UNUSED_VARIABLE = YES;
				IPHONEOS_DEPLOYMENT_TARGET = 16.2;
				MTL_ENABLE_DEBUG_INFO = NO;
				MTL_FAST_MATH = YES;
				SDKROOT = iphoneos;
				SWIFT_COMPILATION_MODE = wholemodule;
				SWIFT_OPTIMIZATION_LEVEL = "-O";
				VALIDATE_PRODUCT = YES;
			};
			name = Release;
		};
		2CE533482A0D059700ACCAE5 /* Debug */ = {
			isa = XCBuildConfiguration;
			buildSettings = {
				ASSETCATALOG_COMPILER_APPICON_NAME = AppIcon;
				ASSETCATALOG_COMPILER_GLOBAL_ACCENT_COLOR_NAME = AccentColor;
				CODE_SIGN_STYLE = Automatic;
				CURRENT_PROJECT_VERSION = 1;
				DEVELOPMENT_ASSET_PATHS = "\"iOS_TP1_Podcast/Preview Content\"";
				DEVELOPMENT_TEAM = H3N8FVR3N5;
				ENABLE_PREVIEWS = YES;
				GENERATE_INFOPLIST_FILE = YES;
				INFOPLIST_KEY_UIApplicationSceneManifest_Generation = YES;
				INFOPLIST_KEY_UIApplicationSupportsIndirectInputEvents = YES;
				INFOPLIST_KEY_UILaunchScreen_Generation = YES;
				INFOPLIST_KEY_UISupportedInterfaceOrientations_iPad = "UIInterfaceOrientationPortrait UIInterfaceOrientationPortraitUpsideDown UIInterfaceOrientationLandscapeLeft UIInterfaceOrientationLandscapeRight";
				INFOPLIST_KEY_UISupportedInterfaceOrientations_iPhone = "UIInterfaceOrientationPortrait UIInterfaceOrientationLandscapeLeft UIInterfaceOrientationLandscapeRight";
				LD_RUNPATH_SEARCH_PATHS = (
					"$(inherited)",
					"@executable_path/Frameworks",
				);
				MARKETING_VERSION = 1.0;
				PRODUCT_BUNDLE_IDENTIFIER = "PuissanceQuatre.iOS-TP1-Podcast";
				PRODUCT_NAME = "$(TARGET_NAME)";
				SWIFT_EMIT_LOC_STRINGS = YES;
				SWIFT_VERSION = 5.0;
				TARGETED_DEVICE_FAMILY = "1,2";
			};
			name = Debug;
		};
		2CE533492A0D059700ACCAE5 /* Release */ = {
			isa = XCBuildConfiguration;
			buildSettings = {
				ASSETCATALOG_COMPILER_APPICON_NAME = AppIcon;
				ASSETCATALOG_COMPILER_GLOBAL_ACCENT_COLOR_NAME = AccentColor;
				CODE_SIGN_STYLE = Automatic;
				CURRENT_PROJECT_VERSION = 1;
				DEVELOPMENT_ASSET_PATHS = "\"iOS_TP1_Podcast/Preview Content\"";
				DEVELOPMENT_TEAM = H3N8FVR3N5;
				ENABLE_PREVIEWS = YES;
				GENERATE_INFOPLIST_FILE = YES;
				INFOPLIST_KEY_UIApplicationSceneManifest_Generation = YES;
				INFOPLIST_KEY_UIApplicationSupportsIndirectInputEvents = YES;
				INFOPLIST_KEY_UILaunchScreen_Generation = YES;
				INFOPLIST_KEY_UISupportedInterfaceOrientations_iPad = "UIInterfaceOrientationPortrait UIInterfaceOrientationPortraitUpsideDown UIInterfaceOrientationLandscapeLeft UIInterfaceOrientationLandscapeRight";
				INFOPLIST_KEY_UISupportedInterfaceOrientations_iPhone = "UIInterfaceOrientationPortrait UIInterfaceOrientationLandscapeLeft UIInterfaceOrientationLandscapeRight";
				LD_RUNPATH_SEARCH_PATHS = (
					"$(inherited)",
					"@executable_path/Frameworks",
				);
				MARKETING_VERSION = 1.0;
				PRODUCT_BUNDLE_IDENTIFIER = "PuissanceQuatre.iOS-TP1-Podcast";
				PRODUCT_NAME = "$(TARGET_NAME)";
				SWIFT_EMIT_LOC_STRINGS = YES;
				SWIFT_VERSION = 5.0;
				TARGETED_DEVICE_FAMILY = "1,2";
			};
			name = Release;
		};
		2CE5334B2A0D059700ACCAE5 /* Debug */ = {
			isa = XCBuildConfiguration;
			buildSettings = {
				ALWAYS_EMBED_SWIFT_STANDARD_LIBRARIES = YES;
				BUNDLE_LOADER = "$(TEST_HOST)";
				CODE_SIGN_STYLE = Automatic;
				CURRENT_PROJECT_VERSION = 1;
				GENERATE_INFOPLIST_FILE = YES;
				IPHONEOS_DEPLOYMENT_TARGET = 16.2;
				MARKETING_VERSION = 1.0;
				PRODUCT_BUNDLE_IDENTIFIER = "PuissanceQuatre.iOS-TP1-PodcastTests";
				PRODUCT_NAME = "$(TARGET_NAME)";
				SWIFT_EMIT_LOC_STRINGS = NO;
				SWIFT_VERSION = 5.0;
				TARGETED_DEVICE_FAMILY = "1,2";
				TEST_HOST = "$(BUILT_PRODUCTS_DIR)/iOS_TP1_Podcast.app/$(BUNDLE_EXECUTABLE_FOLDER_PATH)/iOS_TP1_Podcast";
			};
			name = Debug;
		};
		2CE5334C2A0D059700ACCAE5 /* Release */ = {
			isa = XCBuildConfiguration;
			buildSettings = {
				ALWAYS_EMBED_SWIFT_STANDARD_LIBRARIES = YES;
				BUNDLE_LOADER = "$(TEST_HOST)";
				CODE_SIGN_STYLE = Automatic;
				CURRENT_PROJECT_VERSION = 1;
				GENERATE_INFOPLIST_FILE = YES;
				IPHONEOS_DEPLOYMENT_TARGET = 16.2;
				MARKETING_VERSION = 1.0;
				PRODUCT_BUNDLE_IDENTIFIER = "PuissanceQuatre.iOS-TP1-PodcastTests";
				PRODUCT_NAME = "$(TARGET_NAME)";
				SWIFT_EMIT_LOC_STRINGS = NO;
				SWIFT_VERSION = 5.0;
				TARGETED_DEVICE_FAMILY = "1,2";
				TEST_HOST = "$(BUILT_PRODUCTS_DIR)/iOS_TP1_Podcast.app/$(BUNDLE_EXECUTABLE_FOLDER_PATH)/iOS_TP1_Podcast";
			};
			name = Release;
		};
		2CE5334E2A0D059700ACCAE5 /* Debug */ = {
			isa = XCBuildConfiguration;
			buildSettings = {
				ALWAYS_EMBED_SWIFT_STANDARD_LIBRARIES = YES;
				CODE_SIGN_STYLE = Automatic;
				CURRENT_PROJECT_VERSION = 1;
				GENERATE_INFOPLIST_FILE = YES;
				MARKETING_VERSION = 1.0;
				PRODUCT_BUNDLE_IDENTIFIER = "PuissanceQuatre.iOS-TP1-PodcastUITests";
				PRODUCT_NAME = "$(TARGET_NAME)";
				SWIFT_EMIT_LOC_STRINGS = NO;
				SWIFT_VERSION = 5.0;
				TARGETED_DEVICE_FAMILY = "1,2";
				TEST_TARGET_NAME = iOS_TP1_Podcast;
			};
			name = Debug;
		};
		2CE5334F2A0D059700ACCAE5 /* Release */ = {
			isa = XCBuildConfiguration;
			buildSettings = {
				ALWAYS_EMBED_SWIFT_STANDARD_LIBRARIES = YES;
				CODE_SIGN_STYLE = Automatic;
				CURRENT_PROJECT_VERSION = 1;
				GENERATE_INFOPLIST_FILE = YES;
				MARKETING_VERSION = 1.0;
				PRODUCT_BUNDLE_IDENTIFIER = "PuissanceQuatre.iOS-TP1-PodcastUITests";
				PRODUCT_NAME = "$(TARGET_NAME)";
				SWIFT_EMIT_LOC_STRINGS = NO;
				SWIFT_VERSION = 5.0;
				TARGETED_DEVICE_FAMILY = "1,2";
				TEST_TARGET_NAME = iOS_TP1_Podcast;
			};
			name = Release;
		};
/* End XCBuildConfiguration section */

/* Begin XCConfigurationList section */
		2CE5331E2A0D059500ACCAE5 /* Build configuration list for PBXProject "iOS_TP1_Podcast" */ = {
			isa = XCConfigurationList;
			buildConfigurations = (
				2CE533452A0D059700ACCAE5 /* Debug */,
				2CE533462A0D059700ACCAE5 /* Release */,
			);
			defaultConfigurationIsVisible = 0;
			defaultConfigurationName = Release;
		};
		2CE533472A0D059700ACCAE5 /* Build configuration list for PBXNativeTarget "iOS_TP1_Podcast" */ = {
			isa = XCConfigurationList;
			buildConfigurations = (
				2CE533482A0D059700ACCAE5 /* Debug */,
				2CE533492A0D059700ACCAE5 /* Release */,
			);
			defaultConfigurationIsVisible = 0;
			defaultConfigurationName = Release;
		};
		2CE5334A2A0D059700ACCAE5 /* Build configuration list for PBXNativeTarget "iOS_TP1_PodcastTests" */ = {
			isa = XCConfigurationList;
			buildConfigurations = (
				2CE5334B2A0D059700ACCAE5 /* Debug */,
				2CE5334C2A0D059700ACCAE5 /* Release */,
			);
			defaultConfigurationIsVisible = 0;
			defaultConfigurationName = Release;
		};
		2CE5334D2A0D059700ACCAE5 /* Build configuration list for PBXNativeTarget "iOS_TP1_PodcastUITests" */ = {
			isa = XCConfigurationList;
			buildConfigurations = (
				2CE5334E2A0D059700ACCAE5 /* Debug */,
				2CE5334F2A0D059700ACCAE5 /* Release */,
			);
			defaultConfigurationIsVisible = 0;
			defaultConfigurationName = Release;
		};
/* End XCConfigurationList section */
	};
	rootObject = 2CE5331B2A0D059500ACCAE5 /* Project object */;
}
